// !$*UTF8*$!
{
	archiveVersion = 1;
	classes = {
	};
	objectVersion = 46;
	objects = {

/* Begin PBXBuildFile section */
		571CD45318FDDF8500828146 /* Foundation.framework in Frameworks */ = {isa = PBXBuildFile; fileRef = 571CD45218FDDF8500828146 /* Foundation.framework */; };
		571CD45518FDDF8500828146 /* CoreGraphics.framework in Frameworks */ = {isa = PBXBuildFile; fileRef = 571CD45418FDDF8500828146 /* CoreGraphics.framework */; };
		571CD45718FDDF8500828146 /* UIKit.framework in Frameworks */ = {isa = PBXBuildFile; fileRef = 571CD45618FDDF8500828146 /* UIKit.framework */; };
		571CD45D18FDDF8500828146 /* InfoPlist.strings in Resources */ = {isa = PBXBuildFile; fileRef = 571CD45B18FDDF8500828146 /* InfoPlist.strings */; };
		571CD45F18FDDF8500828146 /* main.m in Sources */ = {isa = PBXBuildFile; fileRef = 571CD45E18FDDF8500828146 /* main.m */; };
		571CD46318FDDF8500828146 /* AppDelegate.m in Sources */ = {isa = PBXBuildFile; fileRef = 571CD46218FDDF8500828146 /* AppDelegate.m */; };
		571CD46618FDDF8500828146 /* Main.storyboard in Resources */ = {isa = PBXBuildFile; fileRef = 571CD46418FDDF8500828146 /* Main.storyboard */; };
		571CD46918FDDF8500828146 /* ViewController.m in Sources */ = {isa = PBXBuildFile; fileRef = 571CD46818FDDF8500828146 /* ViewController.m */; };
		571CD46B18FDDF8500828146 /* Images.xcassets in Resources */ = {isa = PBXBuildFile; fileRef = 571CD46A18FDDF8500828146 /* Images.xcassets */; };
		571CD47218FDDF8600828146 /* XCTest.framework in Frameworks */ = {isa = PBXBuildFile; fileRef = 571CD47118FDDF8600828146 /* XCTest.framework */; };
		571CD47318FDDF8600828146 /* Foundation.framework in Frameworks */ = {isa = PBXBuildFile; fileRef = 571CD45218FDDF8500828146 /* Foundation.framework */; };
		571CD47418FDDF8600828146 /* UIKit.framework in Frameworks */ = {isa = PBXBuildFile; fileRef = 571CD45618FDDF8500828146 /* UIKit.framework */; };
		571CD47C18FDDF8600828146 /* InfoPlist.strings in Resources */ = {isa = PBXBuildFile; fileRef = 571CD47A18FDDF8600828146 /* InfoPlist.strings */; };
		571CD47E18FDDF8600828146 /* AsyncRequestTests.m in Sources */ = {isa = PBXBuildFile; fileRef = 571CD47D18FDDF8600828146 /* AsyncRequestTests.m */; };
		571CD48F18FDDFE500828146 /* AsyncRequest.m in Sources */ = {isa = PBXBuildFile; fileRef = 571CD48E18FDDFE500828146 /* AsyncRequest.m */; };
		571CD49018FDDFE500828146 /* AsyncRequest.m in Sources */ = {isa = PBXBuildFile; fileRef = 571CD48E18FDDFE500828146 /* AsyncRequest.m */; };
		571CD49218FDE29E00828146 /* twitter-icon.png in Resources */ = {isa = PBXBuildFile; fileRef = 571CD49118FDE29E00828146 /* twitter-icon.png */; };
		571CD49318FDE29E00828146 /* twitter-icon.png in Resources */ = {isa = PBXBuildFile; fileRef = 571CD49118FDE29E00828146 /* twitter-icon.png */; };
/* End PBXBuildFile section */

/* Begin PBXContainerItemProxy section */
		571CD47518FDDF8600828146 /* PBXContainerItemProxy */ = {
			isa = PBXContainerItemProxy;
			containerPortal = 571CD44718FDDF8500828146 /* Project object */;
			proxyType = 1;
			remoteGlobalIDString = 571CD44E18FDDF8500828146;
			remoteInfo = AsyncRequest;
		};
/* End PBXContainerItemProxy section */

/* Begin PBXFileReference section */
		571CD44F18FDDF8500828146 /* AsyncRequest.app */ = {isa = PBXFileReference; explicitFileType = wrapper.application; includeInIndex = 0; path = AsyncRequest.app; sourceTree = BUILT_PRODUCTS_DIR; };
		571CD45218FDDF8500828146 /* Foundation.framework */ = {isa = PBXFileReference; lastKnownFileType = wrapper.framework; name = Foundation.framework; path = System/Library/Frameworks/Foundation.framework; sourceTree = SDKROOT; };
		571CD45418FDDF8500828146 /* CoreGraphics.framework */ = {isa = PBXFileReference; lastKnownFileType = wrapper.framework; name = CoreGraphics.framework; path = System/Library/Frameworks/CoreGraphics.framework; sourceTree = SDKROOT; };
		571CD45618FDDF8500828146 /* UIKit.framework */ = {isa = PBXFileReference; lastKnownFileType = wrapper.framework; name = UIKit.framework; path = System/Library/Frameworks/UIKit.framework; sourceTree = SDKROOT; };
		571CD45A18FDDF8500828146 /* AsyncRequest-Info.plist */ = {isa = PBXFileReference; lastKnownFileType = text.plist.xml; path = "AsyncRequest-Info.plist"; sourceTree = "<group>"; };
		571CD45C18FDDF8500828146 /* en */ = {isa = PBXFileReference; lastKnownFileType = text.plist.strings; name = en; path = en.lproj/InfoPlist.strings; sourceTree = "<group>"; };
		571CD45E18FDDF8500828146 /* main.m */ = {isa = PBXFileReference; lastKnownFileType = sourcecode.c.objc; path = main.m; sourceTree = "<group>"; };
		571CD46018FDDF8500828146 /* AsyncRequest-Prefix.pch */ = {isa = PBXFileReference; lastKnownFileType = sourcecode.c.h; path = "AsyncRequest-Prefix.pch"; sourceTree = "<group>"; };
		571CD46118FDDF8500828146 /* AppDelegate.h */ = {isa = PBXFileReference; lastKnownFileType = sourcecode.c.h; path = AppDelegate.h; sourceTree = "<group>"; };
		571CD46218FDDF8500828146 /* AppDelegate.m */ = {isa = PBXFileReference; lastKnownFileType = sourcecode.c.objc; path = AppDelegate.m; sourceTree = "<group>"; };
		571CD46518FDDF8500828146 /* Base */ = {isa = PBXFileReference; lastKnownFileType = file.storyboard; name = Base; path = Base.lproj/Main.storyboard; sourceTree = "<group>"; };
		571CD46718FDDF8500828146 /* ViewController.h */ = {isa = PBXFileReference; lastKnownFileType = sourcecode.c.h; path = ViewController.h; sourceTree = "<group>"; };
		571CD46818FDDF8500828146 /* ViewController.m */ = {isa = PBXFileReference; lastKnownFileType = sourcecode.c.objc; path = ViewController.m; sourceTree = "<group>"; };
		571CD46A18FDDF8500828146 /* Images.xcassets */ = {isa = PBXFileReference; lastKnownFileType = folder.assetcatalog; path = Images.xcassets; sourceTree = "<group>"; };
		571CD47018FDDF8600828146 /* AsyncRequestTests.xctest */ = {isa = PBXFileReference; explicitFileType = wrapper.cfbundle; includeInIndex = 0; path = AsyncRequestTests.xctest; sourceTree = BUILT_PRODUCTS_DIR; };
		571CD47118FDDF8600828146 /* XCTest.framework */ = {isa = PBXFileReference; lastKnownFileType = wrapper.framework; name = XCTest.framework; path = Library/Frameworks/XCTest.framework; sourceTree = DEVELOPER_DIR; };
		571CD47918FDDF8600828146 /* AsyncRequestTests-Info.plist */ = {isa = PBXFileReference; lastKnownFileType = text.plist.xml; path = "AsyncRequestTests-Info.plist"; sourceTree = "<group>"; };
		571CD47B18FDDF8600828146 /* en */ = {isa = PBXFileReference; lastKnownFileType = text.plist.strings; name = en; path = en.lproj/InfoPlist.strings; sourceTree = "<group>"; };
		571CD47D18FDDF8600828146 /* AsyncRequestTests.m */ = {isa = PBXFileReference; lastKnownFileType = sourcecode.c.objc; path = AsyncRequestTests.m; sourceTree = "<group>"; };
		571CD48D18FDDFE500828146 /* AsyncRequest.h */ = {isa = PBXFileReference; fileEncoding = 4; lastKnownFileType = sourcecode.c.h; path = AsyncRequest.h; sourceTree = "<group>"; };
		571CD48E18FDDFE500828146 /* AsyncRequest.m */ = {isa = PBXFileReference; fileEncoding = 4; lastKnownFileType = sourcecode.c.objc; path = AsyncRequest.m; sourceTree = "<group>"; };
		571CD49118FDE29E00828146 /* twitter-icon.png */ = {isa = PBXFileReference; lastKnownFileType = image.png; path = "twitter-icon.png"; sourceTree = SOURCE_ROOT; };
/* End PBXFileReference section */

/* Begin PBXFrameworksBuildPhase section */
		571CD44C18FDDF8500828146 /* Frameworks */ = {
			isa = PBXFrameworksBuildPhase;
			buildActionMask = 2147483647;
			files = (
				571CD45518FDDF8500828146 /* CoreGraphics.framework in Frameworks */,
				571CD45718FDDF8500828146 /* UIKit.framework in Frameworks */,
				571CD45318FDDF8500828146 /* Foundation.framework in Frameworks */,
			);
			runOnlyForDeploymentPostprocessing = 0;
		};
		571CD46D18FDDF8600828146 /* Frameworks */ = {
			isa = PBXFrameworksBuildPhase;
			buildActionMask = 2147483647;
			files = (
				571CD47218FDDF8600828146 /* XCTest.framework in Frameworks */,
				571CD47418FDDF8600828146 /* UIKit.framework in Frameworks */,
				571CD47318FDDF8600828146 /* Foundation.framework in Frameworks */,
			);
			runOnlyForDeploymentPostprocessing = 0;
		};
/* End PBXFrameworksBuildPhase section */

/* Begin PBXGroup section */
		571CD44618FDDF8500828146 = {
			isa = PBXGroup;
			children = (
				571CD45818FDDF8500828146 /* AsyncRequest */,
				571CD47718FDDF8600828146 /* AsyncRequestTests */,
				571CD45118FDDF8500828146 /* Frameworks */,
				571CD45018FDDF8500828146 /* Products */,
			);
			sourceTree = "<group>";
		};
		571CD45018FDDF8500828146 /* Products */ = {
			isa = PBXGroup;
			children = (
				571CD44F18FDDF8500828146 /* AsyncRequest.app */,
				571CD47018FDDF8600828146 /* AsyncRequestTests.xctest */,
			);
			name = Products;
			sourceTree = "<group>";
		};
		571CD45118FDDF8500828146 /* Frameworks */ = {
			isa = PBXGroup;
			children = (
				571CD45218FDDF8500828146 /* Foundation.framework */,
				571CD45418FDDF8500828146 /* CoreGraphics.framework */,
				571CD45618FDDF8500828146 /* UIKit.framework */,
				571CD47118FDDF8600828146 /* XCTest.framework */,
			);
			name = Frameworks;
			sourceTree = "<group>";
		};
		571CD45818FDDF8500828146 /* AsyncRequest */ = {
			isa = PBXGroup;
			children = (
				571CD49118FDE29E00828146 /* twitter-icon.png */,
				571CD48C18FDDFE500828146 /* AsyncRequest */,
				571CD46118FDDF8500828146 /* AppDelegate.h */,
				571CD46218FDDF8500828146 /* AppDelegate.m */,
				571CD46418FDDF8500828146 /* Main.storyboard */,
				571CD46718FDDF8500828146 /* ViewController.h */,
				571CD46818FDDF8500828146 /* ViewController.m */,
				571CD46A18FDDF8500828146 /* Images.xcassets */,
				571CD45918FDDF8500828146 /* Supporting Files */,
			);
			path = AsyncRequest;
			sourceTree = "<group>";
		};
		571CD45918FDDF8500828146 /* Supporting Files */ = {
			isa = PBXGroup;
			children = (
				571CD45A18FDDF8500828146 /* AsyncRequest-Info.plist */,
				571CD45B18FDDF8500828146 /* InfoPlist.strings */,
				571CD45E18FDDF8500828146 /* main.m */,
				571CD46018FDDF8500828146 /* AsyncRequest-Prefix.pch */,
			);
			name = "Supporting Files";
			sourceTree = "<group>";
		};
		571CD47718FDDF8600828146 /* AsyncRequestTests */ = {
			isa = PBXGroup;
			children = (
				571CD47D18FDDF8600828146 /* AsyncRequestTests.m */,
				571CD47818FDDF8600828146 /* Supporting Files */,
			);
			path = AsyncRequestTests;
			sourceTree = "<group>";
		};
		571CD47818FDDF8600828146 /* Supporting Files */ = {
			isa = PBXGroup;
			children = (
				571CD47918FDDF8600828146 /* AsyncRequestTests-Info.plist */,
				571CD47A18FDDF8600828146 /* InfoPlist.strings */,
			);
			name = "Supporting Files";
			sourceTree = "<group>";
		};
		571CD48C18FDDFE500828146 /* AsyncRequest */ = {
			isa = PBXGroup;
			children = (
				571CD48D18FDDFE500828146 /* AsyncRequest.h */,
				571CD48E18FDDFE500828146 /* AsyncRequest.m */,
			);
			name = AsyncRequest;
			path = ../../../AsyncRequest;
			sourceTree = "<group>";
		};
/* End PBXGroup section */

/* Begin PBXNativeTarget section */
		571CD44E18FDDF8500828146 /* AsyncRequest */ = {
			isa = PBXNativeTarget;
			buildConfigurationList = 571CD48118FDDF8600828146 /* Build configuration list for PBXNativeTarget "AsyncRequest" */;
			buildPhases = (
				571CD44B18FDDF8500828146 /* Sources */,
				571CD44C18FDDF8500828146 /* Frameworks */,
				571CD44D18FDDF8500828146 /* Resources */,
			);
			buildRules = (
			);
			dependencies = (
			);
			name = AsyncRequest;
			productName = AsyncRequest;
			productReference = 571CD44F18FDDF8500828146 /* AsyncRequest.app */;
			productType = "com.apple.product-type.application";
		};
		571CD46F18FDDF8600828146 /* AsyncRequestTests */ = {
			isa = PBXNativeTarget;
			buildConfigurationList = 571CD48418FDDF8600828146 /* Build configuration list for PBXNativeTarget "AsyncRequestTests" */;
			buildPhases = (
				571CD46C18FDDF8600828146 /* Sources */,
				571CD46D18FDDF8600828146 /* Frameworks */,
				571CD46E18FDDF8600828146 /* Resources */,
			);
			buildRules = (
			);
			dependencies = (
				571CD47618FDDF8600828146 /* PBXTargetDependency */,
			);
			name = AsyncRequestTests;
			productName = AsyncRequestTests;
			productReference = 571CD47018FDDF8600828146 /* AsyncRequestTests.xctest */;
			productType = "com.apple.product-type.bundle.unit-test";
		};
/* End PBXNativeTarget section */

/* Begin PBXProject section */
		571CD44718FDDF8500828146 /* Project object */ = {
			isa = PBXProject;
			attributes = {
				LastUpgradeCheck = 0510;
				ORGANIZATIONNAME = "Bruno Capezzali";
				TargetAttributes = {
					571CD46F18FDDF8600828146 = {
						TestTargetID = 571CD44E18FDDF8500828146;
					};
				};
			};
			buildConfigurationList = 571CD44A18FDDF8500828146 /* Build configuration list for PBXProject "AsyncRequest" */;
			compatibilityVersion = "Xcode 3.2";
			developmentRegion = English;
			hasScannedForEncodings = 0;
			knownRegions = (
				en,
				Base,
			);
			mainGroup = 571CD44618FDDF8500828146;
			productRefGroup = 571CD45018FDDF8500828146 /* Products */;
			projectDirPath = "";
			projectRoot = "";
			targets = (
				571CD44E18FDDF8500828146 /* AsyncRequest */,
				571CD46F18FDDF8600828146 /* AsyncRequestTests */,
			);
		};
/* End PBXProject section */

/* Begin PBXResourcesBuildPhase section */
		571CD44D18FDDF8500828146 /* Resources */ = {
			isa = PBXResourcesBuildPhase;
			buildActionMask = 2147483647;
			files = (
				571CD49218FDE29E00828146 /* twitter-icon.png in Resources */,
				571CD46B18FDDF8500828146 /* Images.xcassets in Resources */,
				571CD45D18FDDF8500828146 /* InfoPlist.strings in Resources */,
				571CD46618FDDF8500828146 /* Main.storyboard in Resources */,
			);
			runOnlyForDeploymentPostprocessing = 0;
		};
		571CD46E18FDDF8600828146 /* Resources */ = {
			isa = PBXResourcesBuildPhase;
			buildActionMask = 2147483647;
			files = (
				571CD49318FDE29E00828146 /* twitter-icon.png in Resources */,
				571CD47C18FDDF8600828146 /* InfoPlist.strings in Resources */,
			);
			runOnlyForDeploymentPostprocessing = 0;
		};
/* End PBXResourcesBuildPhase section */

/* Begin PBXSourcesBuildPhase section */
		571CD44B18FDDF8500828146 /* Sources */ = {
			isa = PBXSourcesBuildPhase;
			buildActionMask = 2147483647;
			files = (
				571CD48F18FDDFE500828146 /* AsyncRequest.m in Sources */,
				571CD46918FDDF8500828146 /* ViewController.m in Sources */,
				571CD46318FDDF8500828146 /* AppDelegate.m in Sources */,
				571CD45F18FDDF8500828146 /* main.m in Sources */,
			);
			runOnlyForDeploymentPostprocessing = 0;
		};
		571CD46C18FDDF8600828146 /* Sources */ = {
			isa = PBXSourcesBuildPhase;
			buildActionMask = 2147483647;
			files = (
				571CD49018FDDFE500828146 /* AsyncRequest.m in Sources */,
				571CD47E18FDDF8600828146 /* AsyncRequestTests.m in Sources */,
			);
			runOnlyForDeploymentPostprocessing = 0;
		};
/* End PBXSourcesBuildPhase section */

/* Begin PBXTargetDependency section */
		571CD47618FDDF8600828146 /* PBXTargetDependency */ = {
			isa = PBXTargetDependency;
			target = 571CD44E18FDDF8500828146 /* AsyncRequest */;
			targetProxy = 571CD47518FDDF8600828146 /* PBXContainerItemProxy */;
		};
/* End PBXTargetDependency section */

/* Begin PBXVariantGroup section */
		571CD45B18FDDF8500828146 /* InfoPlist.strings */ = {
			isa = PBXVariantGroup;
			children = (
				571CD45C18FDDF8500828146 /* en */,
			);
			name = InfoPlist.strings;
			sourceTree = "<group>";
		};
		571CD46418FDDF8500828146 /* Main.storyboard */ = {
			isa = PBXVariantGroup;
			children = (
				571CD46518FDDF8500828146 /* Base */,
			);
			name = Main.storyboard;
			sourceTree = "<group>";
		};
		571CD47A18FDDF8600828146 /* InfoPlist.strings */ = {
			isa = PBXVariantGroup;
			children = (
				571CD47B18FDDF8600828146 /* en */,
			);
			name = InfoPlist.strings;
			sourceTree = "<group>";
		};
/* End PBXVariantGroup section */

/* Begin XCBuildConfiguration section */
		571CD47F18FDDF8600828146 /* Debug */ = {
			isa = XCBuildConfiguration;
			buildSettings = {
				ALWAYS_SEARCH_USER_PATHS = NO;
				CLANG_CXX_LANGUAGE_STANDARD = "gnu++0x";
				CLANG_CXX_LIBRARY = "libc++";
				CLANG_ENABLE_MODULES = YES;
				CLANG_ENABLE_OBJC_ARC = YES;
				CLANG_WARN_BOOL_CONVERSION = YES;
				CLANG_WARN_CONSTANT_CONVERSION = YES;
				CLANG_WARN_DIRECT_OBJC_ISA_USAGE = YES_ERROR;
				CLANG_WARN_EMPTY_BODY = YES;
				CLANG_WARN_ENUM_CONVERSION = YES;
				CLANG_WARN_INT_CONVERSION = YES;
				CLANG_WARN_OBJC_ROOT_CLASS = YES_ERROR;
				CLANG_WARN__DUPLICATE_METHOD_MATCH = YES;
				"CODE_SIGN_IDENTITY[sdk=iphoneos*]" = "iPhone Developer";
				COPY_PHASE_STRIP = NO;
				GCC_C_LANGUAGE_STANDARD = gnu99;
				GCC_DYNAMIC_NO_PIC = NO;
				GCC_OPTIMIZATION_LEVEL = 0;
				GCC_PREPROCESSOR_DEFINITIONS = (
					"DEBUG=1",
					"$(inherited)",
				);
				GCC_SYMBOLS_PRIVATE_EXTERN = NO;
				GCC_WARN_64_TO_32_BIT_CONVERSION = YES;
				GCC_WARN_ABOUT_RETURN_TYPE = YES_ERROR;
				GCC_WARN_UNDECLARED_SELECTOR = YES;
				GCC_WARN_UNINITIALIZED_AUTOS = YES_AGGRESSIVE;
				GCC_WARN_UNUSED_FUNCTION = YES;
				GCC_WARN_UNUSED_VARIABLE = YES;
				IPHONEOS_DEPLOYMENT_TARGET = 7.1;
				ONLY_ACTIVE_ARCH = YES;
				SDKROOT = iphoneos;
			};
			name = Debug;
		};
		571CD48018FDDF8600828146 /* Release */ = {
			isa = XCBuildConfiguration;
			buildSettings = {
				ALWAYS_SEARCH_USER_PATHS = NO;
				CLANG_CXX_LANGUAGE_STANDARD = "gnu++0x";
				CLANG_CXX_LIBRARY = "libc++";
				CLANG_ENABLE_MODULES = YES;
				CLANG_ENABLE_OBJC_ARC = YES;
				CLANG_WARN_BOOL_CONVERSION = YES;
				CLANG_WARN_CONSTANT_CONVERSION = YES;
				CLANG_WARN_DIRECT_OBJC_ISA_USAGE = YES_ERROR;
				CLANG_WARN_EMPTY_BODY = YES;
				CLANG_WARN_ENUM_CONVERSION = YES;
				CLANG_WARN_INT_CONVERSION = YES;
				CLANG_WARN_OBJC_ROOT_CLASS = YES_ERROR;
				CLANG_WARN__DUPLICATE_METHOD_MATCH = YES;
				"CODE_SIGN_IDENTITY[sdk=iphoneos*]" = "iPhone Developer";
				COPY_PHASE_STRIP = YES;
				ENABLE_NS_ASSERTIONS = NO;
				GCC_C_LANGUAGE_STANDARD = gnu99;
				GCC_WARN_64_TO_32_BIT_CONVERSION = YES;
				GCC_WARN_ABOUT_RETURN_TYPE = YES_ERROR;
				GCC_WARN_UNDECLARED_SELECTOR = YES;
				GCC_WARN_UNINITIALIZED_AUTOS = YES_AGGRESSIVE;
				GCC_WARN_UNUSED_FUNCTION = YES;
				GCC_WARN_UNUSED_VARIABLE = YES;
				IPHONEOS_DEPLOYMENT_TARGET = 7.1;
				SDKROOT = iphoneos;
				VALIDATE_PRODUCT = YES;
			};
			name = Release;
		};
		571CD48218FDDF8600828146 /* Debug */ = {
			isa = XCBuildConfiguration;
			buildSettings = {
				ASSETCATALOG_COMPILER_APPICON_NAME = AppIcon;
				ASSETCATALOG_COMPILER_LAUNCHIMAGE_NAME = LaunchImage;
				GCC_PRECOMPILE_PREFIX_HEADER = YES;
				GCC_PREFIX_HEADER = "AsyncRequest/AsyncRequest-Prefix.pch";
				INFOPLIST_FILE = "AsyncRequest/AsyncRequest-Info.plist";
				PRODUCT_NAME = "$(TARGET_NAME)";
				WRAPPER_EXTENSION = app;
			};
			name = Debug;
		};
		571CD48318FDDF8600828146 /* Release */ = {
			isa = XCBuildConfiguration;
			buildSettings = {
				ASSETCATALOG_COMPILER_APPICON_NAME = AppIcon;
				ASSETCATALOG_COMPILER_LAUNCHIMAGE_NAME = LaunchImage;
				GCC_PRECOMPILE_PREFIX_HEADER = YES;
				GCC_PREFIX_HEADER = "AsyncRequest/AsyncRequest-Prefix.pch";
				INFOPLIST_FILE = "AsyncRequest/AsyncRequest-Info.plist";
				PRODUCT_NAME = "$(TARGET_NAME)";
				WRAPPER_EXTENSION = app;
			};
			name = Release;
		};
		571CD48518FDDF8600828146 /* Debug */ = {
			isa = XCBuildConfiguration;
			buildSettings = {
				BUNDLE_LOADER = "$(BUILT_PRODUCTS_DIR)/AsyncRequest.app/AsyncRequest";
				FRAMEWORK_SEARCH_PATHS = (
					"$(SDKROOT)/Developer/Library/Frameworks",
					"$(inherited)",
					"$(DEVELOPER_FRAMEWORKS_DIR)",
				);
				GCC_PRECOMPILE_PREFIX_HEADER = YES;
				GCC_PREFIX_HEADER = "AsyncRequest/AsyncRequest-Prefix.pch";
				GCC_PREPROCESSOR_DEFINITIONS = (
					"DEBUG=1",
					"$(inherited)",
				);
				INFOPLIST_FILE = "AsyncRequestTests/AsyncRequestTests-Info.plist";
				PRODUCT_NAME = "$(TARGET_NAME)";
				TEST_HOST = "$(BUNDLE_LOADER)";
				WRAPPER_EXTENSION = xctest;
			};
			name = Debug;
		};
		571CD48618FDDF8600828146 /* Release */ = {
			isa = XCBuildConfiguration;
			buildSettings = {
				BUNDLE_LOADER = "$(BUILT_PRODUCTS_DIR)/AsyncRequest.app/AsyncRequest";
				FRAMEWORK_SEARCH_PATHS = (
					"$(SDKROOT)/Developer/Library/Frameworks",
					"$(inherited)",
					"$(DEVELOPER_FRAMEWORKS_DIR)",
				);
				GCC_PRECOMPILE_PREFIX_HEADER = YES;
				GCC_PREFIX_HEADER = "AsyncRequest/AsyncRequest-Prefix.pch";
				INFOPLIST_FILE = "AsyncRequestTests/AsyncRequestTests-Info.plist";
				PRODUCT_NAME = "$(TARGET_NAME)";
				TEST_HOST = "$(BUNDLE_LOADER)";
				WRAPPER_EXTENSION = xctest;
			};
			name = Release;
		};
/* End XCBuildConfiguration section */

/* Begin XCConfigurationList section */
		571CD44A18FDDF8500828146 /* Build configuration list for PBXProject "AsyncRequest" */ = {
			isa = XCConfigurationList;
			buildConfigurations = (
				571CD47F18FDDF8600828146 /* Debug */,
				571CD48018FDDF8600828146 /* Release */,
			);
			defaultConfigurationIsVisible = 0;
			defaultConfigurationName = Release;
		};
		571CD48118FDDF8600828146 /* Build configuration list for PBXNativeTarget "AsyncRequest" */ = {
			isa = XCConfigurationList;
			buildConfigurations = (
				571CD48218FDDF8600828146 /* Debug */,
				571CD48318FDDF8600828146 /* Release */,
			);
			defaultConfigurationIsVisible = 0;
		};
		571CD48418FDDF8600828146 /* Build configuration list for PBXNativeTarget "AsyncRequestTests" */ = {
			isa = XCConfigurationList;
			buildConfigurations = (
				571CD48518FDDF8600828146 /* Debug */,
				571CD48618FDDF8600828146 /* Release */,
			);
			defaultConfigurationIsVisible = 0;
		};
/* End XCConfigurationList section */
	};
	rootObject = 571CD44718FDDF8500828146 /* Project object */;
}
